
Microsoft Visual Studio Solution File, Format Version 12.00
# Visual Studio Version 16
VisualStudioVersion = 16.0.29519.181
MinimumVisualStudioVersion = 10.0.40219.1
Project("{FAE04EC0-301F-11D3-BF4B-00C04F79EFBC}") = "ClassLibrary1", "ClassLibrary1\ClassLibrary1.csproj", "{384AEC69-3118-4E16-8920-CA0A2137F12D}"
EndProject
Project("{FAE04EC0-301F-11D3-BF4B-00C04F79EFBC}") = "Variant1", "Variant1\Variant1.csproj", "{1784E4C5-EBBF-4BB1-A310-D42F5211CE10}"
EndProject
Global
	GlobalSection(SolutionConfigurationPlatforms) = preSolution
		Debug|Any CPU = Debug|Any CPU
		Release|Any CPU = Release|Any CPU
	EndGlobalSection
	GlobalSection(ProjectConfigurationPlatforms) = postSolution
		{384AEC69-3118-4E16-8920-CA0A2137F12D}.Debug|Any CPU.ActiveCfg = Debug|Any CPU
		{384AEC69-3118-4E16-8920-CA0A2137F12D}.Debug|Any CPU.Build.0 = Debug|Any CPU
		{384AEC69-3118-4E16-8920-CA0A2137F12D}.Release|Any CPU.ActiveCfg = Release|Any CPU
		{384AEC69-3118-4E16-8920-CA0A2137F12D}.Release|Any CPU.Build.0 = Release|Any CPU
		{1784E4C5-EBBF-4BB1-A310-D42F5211CE10}.Debug|Any CPU.ActiveCfg = Debug|Any CPU
		{1784E4C5-EBBF-4BB1-A310-D42F5211CE10}.Debug|Any CPU.Build.0 = Debug|Any CPU
		{1784E4C5-EBBF-4BB1-A310-D42F5211CE10}.Release|Any CPU.ActiveCfg = Release|Any CPU
		{1784E4C5-EBBF-4BB1-A310-D42F5211CE10}.Release|Any CPU.Build.0 = Release|Any CPU
	EndGlobalSection
	GlobalSection(SolutionProperties) = preSolution
		HideSolutionNode = FALSE
	EndGlobalSection
	GlobalSection(ExtensibilityGlobals) = postSolution
		SolutionGuid = {62AA2C9F-839C-4D78-9B76-FB145439D9AF}
	EndGlobalSection
EndGlobal
