
Microsoft Visual Studio Solution File, Format Version 12.00
# Visual Studio Version 16
VisualStudioVersion = 16.0.29519.181
MinimumVisualStudioVersion = 10.0.40219.1
Project("{FAE04EC0-301F-11D3-BF4B-00C04F79EFBC}") = "SR", "SR\SR.csproj", "{D132473B-9985-49B8-8BB9-C5F76A358DC8}"
EndProject
Global
	GlobalSection(SolutionConfigurationPlatforms) = preSolution
		Debug|Any CPU = Debug|Any CPU
		Release|Any CPU = Release|Any CPU
	EndGlobalSection
	GlobalSection(ProjectConfigurationPlatforms) = postSolution
		{D132473B-9985-49B8-8BB9-C5F76A358DC8}.Debug|Any CPU.ActiveCfg = Debug|Any CPU
		{D132473B-9985-49B8-8BB9-C5F76A358DC8}.Debug|Any CPU.Build.0 = Debug|Any CPU
		{D132473B-9985-49B8-8BB9-C5F76A358DC8}.Release|Any CPU.ActiveCfg = Release|Any CPU
		{D132473B-9985-49B8-8BB9-C5F76A358DC8}.Release|Any CPU.Build.0 = Release|Any CPU
	EndGlobalSection
	GlobalSection(SolutionProperties) = preSolution
		HideSolutionNode = FALSE
	EndGlobalSection
	GlobalSection(ExtensibilityGlobals) = postSolution
		SolutionGuid = {57E6300C-E4B1-44E9-ABF6-149BBA9DF111}
	EndGlobalSection
EndGlobal
